
Microsoft Visual Studio Solution File, Format Version 12.00
# Visual Studio Version 17
VisualStudioVersion = 17.6.33723.286
MinimumVisualStudioVersion = 10.0.40219.1
Project("{FAE04EC0-301F-11D3-BF4B-00C04F79EFBC}") = "News", "News\News.csproj", "{9F6FA5A1-BF20-4F78-9FB3-EDE3F62391FD}"
EndProject
Global
	GlobalSection(SolutionConfigurationPlatforms) = preSolution
		Debug|Any CPU = Debug|Any CPU
		Release|Any CPU = Release|Any CPU
	EndGlobalSection
	GlobalSection(ProjectConfigurationPlatforms) = postSolution
		{9F6FA5A1-BF20-4F78-9FB3-EDE3F62391FD}.Debug|Any CPU.ActiveCfg = Debug|Any CPU
		{9F6FA5A1-BF20-4F78-9FB3-EDE3F62391FD}.Debug|Any CPU.Build.0 = Debug|Any CPU
		{9F6FA5A1-BF20-4F78-9FB3-EDE3F62391FD}.Release|Any CPU.ActiveCfg = Release|Any CPU
		{9F6FA5A1-BF20-4F78-9FB3-EDE3F62391FD}.Release|Any CPU.Build.0 = Release|Any CPU
	EndGlobalSection
	GlobalSection(SolutionProperties) = preSolution
		HideSolutionNode = FALSE
	EndGlobalSection
	GlobalSection(ExtensibilityGlobals) = postSolution
		SolutionGuid = {1E8B003C-4601-4E60-8060-88B58274BC3E}
	EndGlobalSection
EndGlobal
